
Microsoft Visual Studio Solution File, Format Version 12.00
# Visual Studio 15
VisualStudioVersion = 15.0.28010.2026
MinimumVisualStudioVersion = 10.0.40219.1
Project("{888888A0-9F3D-457C-B088-3A5042F75D52}") = "OCVTest", "OCVTest\OCVTest.pyproj", "{641AC2F6-C157-4372-9AC0-0E28A1C66DDC}"
EndProject
Global
	GlobalSection(SolutionConfigurationPlatforms) = preSolution
		Debug|Any CPU = Debug|Any CPU
		Release|Any CPU = Release|Any CPU
	EndGlobalSection
	GlobalSection(ProjectConfigurationPlatforms) = postSolution
		{641AC2F6-C157-4372-9AC0-0E28A1C66DDC}.Debug|Any CPU.ActiveCfg = Debug|Any CPU
		{641AC2F6-C157-4372-9AC0-0E28A1C66DDC}.Release|Any CPU.ActiveCfg = Release|Any CPU
	EndGlobalSection
	GlobalSection(SolutionProperties) = preSolution
		HideSolutionNode = FALSE
	EndGlobalSection
	GlobalSection(ExtensibilityGlobals) = postSolution
		SolutionGuid = {AC091378-463B-44EE-8B7C-CFA25D084EB7}
	EndGlobalSection
EndGlobal
