
Microsoft Visual Studio Solution File, Format Version 12.00
# Visual Studio 15
VisualStudioVersion = 15.0.28010.2026
MinimumVisualStudioVersion = 10.0.40219.1
Project("{FAE04EC0-301F-11D3-BF4B-00C04F79EFBC}") = "HistogramEqualization", "HistogramEqualization\HistogramEqualization.csproj", "{AB829B98-7357-4FFB-B2DA-C3C8E6E0EAF9}"
EndProject
Global
	GlobalSection(SolutionConfigurationPlatforms) = preSolution
		Debug|Any CPU = Debug|Any CPU
		Release|Any CPU = Release|Any CPU
	EndGlobalSection
	GlobalSection(ProjectConfigurationPlatforms) = postSolution
		{AB829B98-7357-4FFB-B2DA-C3C8E6E0EAF9}.Debug|Any CPU.ActiveCfg = Debug|Any CPU
		{AB829B98-7357-4FFB-B2DA-C3C8E6E0EAF9}.Debug|Any CPU.Build.0 = Debug|Any CPU
		{AB829B98-7357-4FFB-B2DA-C3C8E6E0EAF9}.Release|Any CPU.ActiveCfg = Release|Any CPU
		{AB829B98-7357-4FFB-B2DA-C3C8E6E0EAF9}.Release|Any CPU.Build.0 = Release|Any CPU
	EndGlobalSection
	GlobalSection(SolutionProperties) = preSolution
		HideSolutionNode = FALSE
	EndGlobalSection
	GlobalSection(ExtensibilityGlobals) = postSolution
		SolutionGuid = {AA693AB5-C13A-427B-A11C-E808DC5657E6}
	EndGlobalSection
EndGlobal
