
Microsoft Visual Studio Solution File, Format Version 12.00
# Visual Studio 15
VisualStudioVersion = 15.0.28010.2026
MinimumVisualStudioVersion = 10.0.40219.1
Project("{888888A0-9F3D-457C-B088-3A5042F75D52}") = "LinearSquares3", "LinearSquares3\LinearSquares3.pyproj", "{F14ABBC0-B824-4A12-81AC-B8E13CE4D035}"
EndProject
Global
	GlobalSection(SolutionConfigurationPlatforms) = preSolution
		Debug|Any CPU = Debug|Any CPU
		Release|Any CPU = Release|Any CPU
	EndGlobalSection
	GlobalSection(ProjectConfigurationPlatforms) = postSolution
		{F14ABBC0-B824-4A12-81AC-B8E13CE4D035}.Debug|Any CPU.ActiveCfg = Debug|Any CPU
		{F14ABBC0-B824-4A12-81AC-B8E13CE4D035}.Release|Any CPU.ActiveCfg = Release|Any CPU
	EndGlobalSection
	GlobalSection(SolutionProperties) = preSolution
		HideSolutionNode = FALSE
	EndGlobalSection
	GlobalSection(ExtensibilityGlobals) = postSolution
		SolutionGuid = {B13B4B40-E676-40AE-887C-B0740AF780BB}
	EndGlobalSection
EndGlobal
